// !$*UTF8*$!
{
	archiveVersion = 1;
	classes = {
	};
	objectVersion = 46;
	objects = {

/* Begin PBXBuildFile section */
		76225AC619D6792F00755F57 /* AppKit.framework in Frameworks */ = {isa = PBXBuildFile; fileRef = 76225AC519D6792F00755F57 /* AppKit.framework */; };
		76225AC819D6792F00755F57 /* Foundation.framework in Frameworks */ = {isa = PBXBuildFile; fileRef = 76225AC719D6792F00755F57 /* Foundation.framework */; };
		767455F319D7AA400059AA0E /* TFFileProvider.m in Sources */ = {isa = PBXBuildFile; fileRef = 767455F219D7AA400059AA0E /* TFFileProvider.m */; };
		76ADCE8A19D6F7CC0072D2FC /* Aviator.m in Sources */ = {isa = PBXBuildFile; fileRef = 76ADCE8419D6F7CC0072D2FC /* Aviator.m */; };
		76ADCE8B19D6F7CC0072D2FC /* TFFFileSwitcher.m in Sources */ = {isa = PBXBuildFile; fileRef = 76ADCE8619D6F7CC0072D2FC /* TFFFileSwitcher.m */; };
		76ADCE8C19D6F7CC0072D2FC /* TFFXcodeDocumentNavigator.m in Sources */ = {isa = PBXBuildFile; fileRef = 76ADCE8819D6F7CC0072D2FC /* TFFXcodeDocumentNavigator.m */; };
		76ADCE8E19D6F7D20072D2FC /* Info.plist in Resources */ = {isa = PBXBuildFile; fileRef = 76ADCE8D19D6F7D20072D2FC /* Info.plist */; };
		76ADCE9019D6F7EC0072D2FC /* Aviator.xcscheme in Resources */ = {isa = PBXBuildFile; fileRef = 76ADCE8F19D6F7EC0072D2FC /* Aviator.xcscheme */; };
/* End PBXBuildFile section */

/* Begin PBXFileReference section */
		76225AC219D6792F00755F57 /* Aviator.xcplugin */ = {isa = PBXFileReference; explicitFileType = wrapper.cfbundle; includeInIndex = 0; path = Aviator.xcplugin; sourceTree = BUILT_PRODUCTS_DIR; };
		76225AC519D6792F00755F57 /* AppKit.framework */ = {isa = PBXFileReference; lastKnownFileType = wrapper.framework; name = AppKit.framework; path = /System/Library/Frameworks/AppKit.framework; sourceTree = "<absolute>"; };
		76225AC719D6792F00755F57 /* Foundation.framework */ = {isa = PBXFileReference; lastKnownFileType = wrapper.framework; name = Foundation.framework; path = /System/Library/Frameworks/Foundation.framework; sourceTree = "<absolute>"; };
		767455F119D7AA400059AA0E /* TFFileProvider.h */ = {isa = PBXFileReference; fileEncoding = 4; lastKnownFileType = sourcecode.c.h; path = TFFileProvider.h; sourceTree = "<group>"; };
		767455F219D7AA400059AA0E /* TFFileProvider.m */ = {isa = PBXFileReference; fileEncoding = 4; lastKnownFileType = sourcecode.c.objc; path = TFFileProvider.m; sourceTree = "<group>"; };
		76ADCE8319D6F7CC0072D2FC /* Aviator.h */ = {isa = PBXFileReference; fileEncoding = 4; lastKnownFileType = sourcecode.c.h; name = Aviator.h; path = Aviator/Aviator.h; sourceTree = SOURCE_ROOT; };
		76ADCE8419D6F7CC0072D2FC /* Aviator.m */ = {isa = PBXFileReference; fileEncoding = 4; lastKnownFileType = sourcecode.c.objc; name = Aviator.m; path = Aviator/Aviator.m; sourceTree = SOURCE_ROOT; };
		76ADCE8519D6F7CC0072D2FC /* TFFFileSwitcher.h */ = {isa = PBXFileReference; fileEncoding = 4; lastKnownFileType = sourcecode.c.h; name = TFFFileSwitcher.h; path = Aviator/TFFFileSwitcher.h; sourceTree = SOURCE_ROOT; };
		76ADCE8619D6F7CC0072D2FC /* TFFFileSwitcher.m */ = {isa = PBXFileReference; fileEncoding = 4; lastKnownFileType = sourcecode.c.objc; name = TFFFileSwitcher.m; path = Aviator/TFFFileSwitcher.m; sourceTree = SOURCE_ROOT; };
		76ADCE8719D6F7CC0072D2FC /* TFFXcodeDocumentNavigator.h */ = {isa = PBXFileReference; fileEncoding = 4; lastKnownFileType = sourcecode.c.h; name = TFFXcodeDocumentNavigator.h; path = Aviator/TFFXcodeDocumentNavigator.h; sourceTree = SOURCE_ROOT; };
		76ADCE8819D6F7CC0072D2FC /* TFFXcodeDocumentNavigator.m */ = {isa = PBXFileReference; fileEncoding = 4; lastKnownFileType = sourcecode.c.objc; name = TFFXcodeDocumentNavigator.m; path = Aviator/TFFXcodeDocumentNavigator.m; sourceTree = SOURCE_ROOT; };
		76ADCE8919D6F7CC0072D2FC /* XCodePrivate.h */ = {isa = PBXFileReference; fileEncoding = 4; lastKnownFileType = sourcecode.c.h; name = XCodePrivate.h; path = Aviator/XCodePrivate.h; sourceTree = SOURCE_ROOT; };
		76ADCE8D19D6F7D20072D2FC /* Info.plist */ = {isa = PBXFileReference; fileEncoding = 4; lastKnownFileType = text.plist.xml; name = Info.plist; path = Aviator/Info.plist; sourceTree = SOURCE_ROOT; };
		76ADCE8F19D6F7EC0072D2FC /* Aviator.xcscheme */ = {isa = PBXFileReference; fileEncoding = 4; lastKnownFileType = text.xml; name = Aviator.xcscheme; path = Aviator.xcodeproj/xcshareddata/xcschemes/Aviator.xcscheme; sourceTree = SOURCE_ROOT; };
/* End PBXFileReference section */

/* Begin PBXFrameworksBuildPhase section */
		76225AC019D6792F00755F57 /* Frameworks */ = {
			isa = PBXFrameworksBuildPhase;
			buildActionMask = 2147483647;
			files = (
				76225AC619D6792F00755F57 /* AppKit.framework in Frameworks */,
				76225AC819D6792F00755F57 /* Foundation.framework in Frameworks */,
			);
			runOnlyForDeploymentPostprocessing = 0;
		};
/* End PBXFrameworksBuildPhase section */

/* Begin PBXGroup section */
		76225AB919D6792F00755F57 = {
			isa = PBXGroup;
			children = (
				76225AC919D6792F00755F57 /* Aviator */,
				76225AC419D6792F00755F57 /* Frameworks */,
				76225AC319D6792F00755F57 /* Products */,
			);
			sourceTree = "<group>";
		};
		76225AC319D6792F00755F57 /* Products */ = {
			isa = PBXGroup;
			children = (
				76225AC219D6792F00755F57 /* Aviator.xcplugin */,
			);
			name = Products;
			sourceTree = "<group>";
		};
		76225AC419D6792F00755F57 /* Frameworks */ = {
			isa = PBXGroup;
			children = (
				76225AC519D6792F00755F57 /* AppKit.framework */,
				76225AC719D6792F00755F57 /* Foundation.framework */,
			);
			name = Frameworks;
			sourceTree = "<group>";
		};
		76225AC919D6792F00755F57 /* Aviator */ = {
			isa = PBXGroup;
			children = (
				76ADCE8319D6F7CC0072D2FC /* Aviator.h */,
				76ADCE8419D6F7CC0072D2FC /* Aviator.m */,
				76ADCE8519D6F7CC0072D2FC /* TFFFileSwitcher.h */,
				76ADCE8619D6F7CC0072D2FC /* TFFFileSwitcher.m */,
				767455F119D7AA400059AA0E /* TFFileProvider.h */,
				767455F219D7AA400059AA0E /* TFFileProvider.m */,
				76ADCE8719D6F7CC0072D2FC /* TFFXcodeDocumentNavigator.h */,
				76ADCE8819D6F7CC0072D2FC /* TFFXcodeDocumentNavigator.m */,
				76ADCE8919D6F7CC0072D2FC /* XCodePrivate.h */,
				76225ACA19D6792F00755F57 /* Supporting Files */,
			);
			path = Aviator;
			sourceTree = "<group>";
		};
		76225ACA19D6792F00755F57 /* Supporting Files */ = {
			isa = PBXGroup;
			children = (
				76ADCE8F19D6F7EC0072D2FC /* Aviator.xcscheme */,
				76ADCE8D19D6F7D20072D2FC /* Info.plist */,
			);
			name = "Supporting Files";
			sourceTree = "<group>";
		};
/* End PBXGroup section */

/* Begin PBXNativeTarget section */
		76225AC119D6792F00755F57 /* Aviator */ = {
			isa = PBXNativeTarget;
			buildConfigurationList = 76225AD319D6792F00755F57 /* Build configuration list for PBXNativeTarget "Aviator" */;
			buildPhases = (
				76225ABE19D6792F00755F57 /* Sources */,
				76225ABF19D6792F00755F57 /* Resources */,
				76225AC019D6792F00755F57 /* Frameworks */,
			);
			buildRules = (
			);
			dependencies = (
			);
			name = Aviator;
			productName = Aviator;
			productReference = 76225AC219D6792F00755F57 /* Aviator.xcplugin */;
			productType = "com.apple.product-type.bundle";
		};
/* End PBXNativeTarget section */

/* Begin PBXProject section */
		76225ABA19D6792F00755F57 /* Project object */ = {
			isa = PBXProject;
			attributes = {
				LastUpgradeCheck = 0600;
				ORGANIZATIONNAME = "Type440 LLC";
				TargetAttributes = {
					76225AC119D6792F00755F57 = {
						CreatedOnToolsVersion = 6.0;
					};
				};
			};
			buildConfigurationList = 76225ABD19D6792F00755F57 /* Build configuration list for PBXProject "Aviator" */;
			compatibilityVersion = "Xcode 3.2";
			developmentRegion = English;
			hasScannedForEncodings = 0;
			knownRegions = (
				en,
			);
			mainGroup = 76225AB919D6792F00755F57;
			productRefGroup = 76225AC319D6792F00755F57 /* Products */;
			projectDirPath = "";
			projectRoot = "";
			targets = (
				76225AC119D6792F00755F57 /* Aviator */,
			);
		};
/* End PBXProject section */

/* Begin PBXResourcesBuildPhase section */
		76225ABF19D6792F00755F57 /* Resources */ = {
			isa = PBXResourcesBuildPhase;
			buildActionMask = 2147483647;
			files = (
				76ADCE9019D6F7EC0072D2FC /* Aviator.xcscheme in Resources */,
				76ADCE8E19D6F7D20072D2FC /* Info.plist in Resources */,
			);
			runOnlyForDeploymentPostprocessing = 0;
		};
/* End PBXResourcesBuildPhase section */

/* Begin PBXSourcesBuildPhase section */
		76225ABE19D6792F00755F57 /* Sources */ = {
			isa = PBXSourcesBuildPhase;
			buildActionMask = 2147483647;
			files = (
				767455F319D7AA400059AA0E /* TFFileProvider.m in Sources */,
				76ADCE8A19D6F7CC0072D2FC /* Aviator.m in Sources */,
				76ADCE8C19D6F7CC0072D2FC /* TFFXcodeDocumentNavigator.m in Sources */,
				76ADCE8B19D6F7CC0072D2FC /* TFFFileSwitcher.m in Sources */,
			);
			runOnlyForDeploymentPostprocessing = 0;
		};
/* End PBXSourcesBuildPhase section */

/* Begin XCBuildConfiguration section */
		76225AD119D6792F00755F57 /* Debug */ = {
			isa = XCBuildConfiguration;
			buildSettings = {
				ALWAYS_SEARCH_USER_PATHS = NO;
				CLANG_CXX_LANGUAGE_STANDARD = "gnu++0x";
				CLANG_CXX_LIBRARY = "libc++";
				CLANG_ENABLE_MODULES = YES;
				CLANG_ENABLE_OBJC_ARC = YES;
				CLANG_WARN_BOOL_CONVERSION = YES;
				CLANG_WARN_CONSTANT_CONVERSION = YES;
				CLANG_WARN_DIRECT_OBJC_ISA_USAGE = YES_ERROR;
				CLANG_WARN_EMPTY_BODY = YES;
				CLANG_WARN_ENUM_CONVERSION = YES;
				CLANG_WARN_INT_CONVERSION = YES;
				CLANG_WARN_OBJC_ROOT_CLASS = YES_ERROR;
				CLANG_WARN_UNREACHABLE_CODE = YES;
				CLANG_WARN__DUPLICATE_METHOD_MATCH = YES;
				COPY_PHASE_STRIP = NO;
				ENABLE_STRICT_OBJC_MSGSEND = YES;
				GCC_C_LANGUAGE_STANDARD = gnu99;
				GCC_DYNAMIC_NO_PIC = NO;
				GCC_OPTIMIZATION_LEVEL = 0;
				GCC_PREPROCESSOR_DEFINITIONS = (
					"DEBUG=1",
					"$(inherited)",
				);
				GCC_SYMBOLS_PRIVATE_EXTERN = NO;
				GCC_WARN_64_TO_32_BIT_CONVERSION = YES;
				GCC_WARN_ABOUT_RETURN_TYPE = YES_ERROR;
				GCC_WARN_UNDECLARED_SELECTOR = YES;
				GCC_WARN_UNINITIALIZED_AUTOS = YES_AGGRESSIVE;
				GCC_WARN_UNUSED_FUNCTION = YES;
				GCC_WARN_UNUSED_VARIABLE = YES;
				MTL_ENABLE_DEBUG_INFO = YES;
				ONLY_ACTIVE_ARCH = YES;
			};
			name = Debug;
		};
		76225AD219D6792F00755F57 /* Release */ = {
			isa = XCBuildConfiguration;
			buildSettings = {
				ALWAYS_SEARCH_USER_PATHS = NO;
				CLANG_CXX_LANGUAGE_STANDARD = "gnu++0x";
				CLANG_CXX_LIBRARY = "libc++";
				CLANG_ENABLE_MODULES = YES;
				CLANG_ENABLE_OBJC_ARC = YES;
				CLANG_WARN_BOOL_CONVERSION = YES;
				CLANG_WARN_CONSTANT_CONVERSION = YES;
				CLANG_WARN_DIRECT_OBJC_ISA_USAGE = YES_ERROR;
				CLANG_WARN_EMPTY_BODY = YES;
				CLANG_WARN_ENUM_CONVERSION = YES;
				CLANG_WARN_INT_CONVERSION = YES;
				CLANG_WARN_OBJC_ROOT_CLASS = YES_ERROR;
				CLANG_WARN_UNREACHABLE_CODE = YES;
				CLANG_WARN__DUPLICATE_METHOD_MATCH = YES;
				COPY_PHASE_STRIP = YES;
				ENABLE_NS_ASSERTIONS = NO;
				ENABLE_STRICT_OBJC_MSGSEND = YES;
				GCC_C_LANGUAGE_STANDARD = gnu99;
				GCC_WARN_64_TO_32_BIT_CONVERSION = YES;
				GCC_WARN_ABOUT_RETURN_TYPE = YES_ERROR;
				GCC_WARN_UNDECLARED_SELECTOR = YES;
				GCC_WARN_UNINITIALIZED_AUTOS = YES_AGGRESSIVE;
				GCC_WARN_UNUSED_FUNCTION = YES;
				GCC_WARN_UNUSED_VARIABLE = YES;
				MTL_ENABLE_DEBUG_INFO = NO;
			};
			name = Release;
		};
		76225AD419D6792F00755F57 /* Debug */ = {
			isa = XCBuildConfiguration;
			buildSettings = {
				COMBINE_HIDPI_IMAGES = YES;
				DEPLOYMENT_LOCATION = YES;
				DSTROOT = "$(HOME)";
				INFOPLIST_FILE = Aviator/Info.plist;
				INSTALL_PATH = "/Library/Application Support/Developer/Shared/Xcode/Plug-ins";
				MACOSX_DEPLOYMENT_TARGET = 10.9;
				OTHER_LDFLAGS = (
					"-undefined",
					dynamic_lookup,
				);
				PRODUCT_NAME = "$(TARGET_NAME)";
				WRAPPER_EXTENSION = xcplugin;
			};
			name = Debug;
		};
		76225AD519D6792F00755F57 /* Release */ = {
			isa = XCBuildConfiguration;
			buildSettings = {
				COMBINE_HIDPI_IMAGES = YES;
				DEPLOYMENT_LOCATION = YES;
				DSTROOT = "$(HOME)";
				INFOPLIST_FILE = Aviator/Info.plist;
				INSTALL_PATH = "/Library/Application Support/Developer/Shared/Xcode/Plug-ins";
				MACOSX_DEPLOYMENT_TARGET = 10.9;
				OTHER_LDFLAGS = (
					"-undefined",
					dynamic_lookup,
				);
				PRODUCT_NAME = "$(TARGET_NAME)";
				WRAPPER_EXTENSION = xcplugin;
			};
			name = Release;
		};
/* End XCBuildConfiguration section */

/* Begin XCConfigurationList section */
		76225ABD19D6792F00755F57 /* Build configuration list for PBXProject "Aviator" */ = {
			isa = XCConfigurationList;
			buildConfigurations = (
				76225AD119D6792F00755F57 /* Debug */,
				76225AD219D6792F00755F57 /* Release */,
			);
			defaultConfigurationIsVisible = 0;
			defaultConfigurationName = Release;
		};
		76225AD319D6792F00755F57 /* Build configuration list for PBXNativeTarget "Aviator" */ = {
			isa = XCConfigurationList;
			buildConfigurations = (
				76225AD419D6792F00755F57 /* Debug */,
				76225AD519D6792F00755F57 /* Release */,
			);
			defaultConfigurationIsVisible = 0;
			defaultConfigurationName = Release;
		};
/* End XCConfigurationList section */
	};
	rootObject = 76225ABA19D6792F00755F57 /* Project object */;
}
