// !$*UTF8*$!
{
	archiveVersion = 1;
	classes = {
	};
	objectVersion = 46;
	objects = {

/* Begin PBXBuildFile section */
		76225AC619D6792F00755F57 /* AppKit.framework in Frameworks */ = {isa = PBXBuildFile; fileRef = 76225AC519D6792F00755F57 /* AppKit.framework */; };
		76225AC819D6792F00755F57 /* Foundation.framework in Frameworks */ = {isa = PBXBuildFile; fileRef = 76225AC719D6792F00755F57 /* Foundation.framework */; };
		7624353A19D84278005C2655 /* TFFFileReference.m in Sources */ = {isa = PBXBuildFile; fileRef = 7624353919D84278005C2655 /* TFFFileReference.m */; };
		7624353D19D84289005C2655 /* TFFGroup.m in Sources */ = {isa = PBXBuildFile; fileRef = 7624353C19D84289005C2655 /* TFFGroup.m */; };
		7624354019D843F3005C2655 /* TFFReference.m in Sources */ = {isa = PBXBuildFile; fileRef = 7624353F19D843F3005C2655 /* TFFReference.m */; };
		7624354419D849FC005C2655 /* TFFVariantGroup.m in Sources */ = {isa = PBXBuildFile; fileRef = 7624354319D849FC005C2655 /* TFFVariantGroup.m */; };
		7624354719D8520E005C2655 /* TFFFileReferenceCollection.m in Sources */ = {isa = PBXBuildFile; fileRef = 7624354619D8520E005C2655 /* TFFFileReferenceCollection.m */; };
		767455F319D7AA400059AA0E /* TFFFileProvider.m in Sources */ = {isa = PBXBuildFile; fileRef = 767455F219D7AA400059AA0E /* TFFFileProvider.m */; };
		767974E619E0F88E0091AAD7 /* libOCMock.a in Frameworks */ = {isa = PBXBuildFile; fileRef = 767974DA19E0F62A0091AAD7 /* libOCMock.a */; };
		767974EA19E0FC720091AAD7 /* Aviator.m in Sources */ = {isa = PBXBuildFile; fileRef = 76ADCE8419D6F7CC0072D2FC /* Aviator.m */; };
		767974EB19E0FC720091AAD7 /* TFFSourceAndTestJumper.m in Sources */ = {isa = PBXBuildFile; fileRef = 76ADCE8619D6F7CC0072D2FC /* TFFSourceAndTestJumper.m */; };
		767974EC19E0FC720091AAD7 /* TFFFileProvider.m in Sources */ = {isa = PBXBuildFile; fileRef = 767455F219D7AA400059AA0E /* TFFFileProvider.m */; };
		767974ED19E0FC720091AAD7 /* TFFFileReference.m in Sources */ = {isa = PBXBuildFile; fileRef = 7624353919D84278005C2655 /* TFFFileReference.m */; };
		767974EE19E0FC720091AAD7 /* TFFFileReferenceCollection.m in Sources */ = {isa = PBXBuildFile; fileRef = 7624354619D8520E005C2655 /* TFFFileReferenceCollection.m */; };
		767974EF19E0FC720091AAD7 /* TFFGroup.m in Sources */ = {isa = PBXBuildFile; fileRef = 7624353C19D84289005C2655 /* TFFGroup.m */; };
		767974F019E0FC720091AAD7 /* TFFReference.m in Sources */ = {isa = PBXBuildFile; fileRef = 7624353F19D843F3005C2655 /* TFFReference.m */; };
		767974F119E0FC720091AAD7 /* TFFVariantGroup.m in Sources */ = {isa = PBXBuildFile; fileRef = 7624354319D849FC005C2655 /* TFFVariantGroup.m */; };
		767974F219E0FC720091AAD7 /* TFFXcodeDocumentNavigator.m in Sources */ = {isa = PBXBuildFile; fileRef = 76ADCE8819D6F7CC0072D2FC /* TFFXcodeDocumentNavigator.m */; };
		76ADCE8A19D6F7CC0072D2FC /* Aviator.m in Sources */ = {isa = PBXBuildFile; fileRef = 76ADCE8419D6F7CC0072D2FC /* Aviator.m */; };
		76ADCE8B19D6F7CC0072D2FC /* TFFSourceAndTestJumper.m in Sources */ = {isa = PBXBuildFile; fileRef = 76ADCE8619D6F7CC0072D2FC /* TFFSourceAndTestJumper.m */; };
		76ADCE8C19D6F7CC0072D2FC /* TFFXcodeDocumentNavigator.m in Sources */ = {isa = PBXBuildFile; fileRef = 76ADCE8819D6F7CC0072D2FC /* TFFXcodeDocumentNavigator.m */; };
		76ADCE8E19D6F7D20072D2FC /* Info.plist in Resources */ = {isa = PBXBuildFile; fileRef = 76ADCE8D19D6F7D20072D2FC /* Info.plist */; };
		76ADCE9019D6F7EC0072D2FC /* Aviator.xcscheme in Resources */ = {isa = PBXBuildFile; fileRef = 76ADCE8F19D6F7EC0072D2FC /* Aviator.xcscheme */; };
		76EA5ED319E0EF7C002F84C7 /* TFFFileProviderTests.m in Sources */ = {isa = PBXBuildFile; fileRef = 76EA5EA219E0EE38002F84C7 /* TFFFileProviderTests.m */; };
/* End PBXBuildFile section */

/* Begin PBXFileReference section */
		76225AC219D6792F00755F57 /* Aviator.xcplugin */ = {isa = PBXFileReference; explicitFileType = wrapper.cfbundle; includeInIndex = 0; path = Aviator.xcplugin; sourceTree = BUILT_PRODUCTS_DIR; };
		76225AC519D6792F00755F57 /* AppKit.framework */ = {isa = PBXFileReference; lastKnownFileType = wrapper.framework; name = AppKit.framework; path = /System/Library/Frameworks/AppKit.framework; sourceTree = "<absolute>"; };
		76225AC719D6792F00755F57 /* Foundation.framework */ = {isa = PBXFileReference; lastKnownFileType = wrapper.framework; name = Foundation.framework; path = /System/Library/Frameworks/Foundation.framework; sourceTree = "<absolute>"; };
		7624353819D84278005C2655 /* TFFFileReference.h */ = {isa = PBXFileReference; fileEncoding = 4; lastKnownFileType = sourcecode.c.h; path = TFFFileReference.h; sourceTree = "<group>"; };
		7624353919D84278005C2655 /* TFFFileReference.m */ = {isa = PBXFileReference; fileEncoding = 4; lastKnownFileType = sourcecode.c.objc; path = TFFFileReference.m; sourceTree = "<group>"; };
		7624353B19D84289005C2655 /* TFFGroup.h */ = {isa = PBXFileReference; fileEncoding = 4; lastKnownFileType = sourcecode.c.h; path = TFFGroup.h; sourceTree = "<group>"; };
		7624353C19D84289005C2655 /* TFFGroup.m */ = {isa = PBXFileReference; fileEncoding = 4; lastKnownFileType = sourcecode.c.objc; path = TFFGroup.m; sourceTree = "<group>"; };
		7624353E19D843F3005C2655 /* TFFReference.h */ = {isa = PBXFileReference; fileEncoding = 4; lastKnownFileType = sourcecode.c.h; path = TFFReference.h; sourceTree = "<group>"; };
		7624353F19D843F3005C2655 /* TFFReference.m */ = {isa = PBXFileReference; fileEncoding = 4; lastKnownFileType = sourcecode.c.objc; path = TFFReference.m; sourceTree = "<group>"; };
		7624354219D849FC005C2655 /* TFFVariantGroup.h */ = {isa = PBXFileReference; fileEncoding = 4; lastKnownFileType = sourcecode.c.h; path = TFFVariantGroup.h; sourceTree = "<group>"; };
		7624354319D849FC005C2655 /* TFFVariantGroup.m */ = {isa = PBXFileReference; fileEncoding = 4; lastKnownFileType = sourcecode.c.objc; path = TFFVariantGroup.m; sourceTree = "<group>"; };
		7624354519D8520E005C2655 /* TFFFileReferenceCollection.h */ = {isa = PBXFileReference; fileEncoding = 4; lastKnownFileType = sourcecode.c.h; path = TFFFileReferenceCollection.h; sourceTree = "<group>"; };
		7624354619D8520E005C2655 /* TFFFileReferenceCollection.m */ = {isa = PBXFileReference; fileEncoding = 4; lastKnownFileType = sourcecode.c.objc; path = TFFFileReferenceCollection.m; sourceTree = "<group>"; };
		767455F119D7AA400059AA0E /* TFFFileProvider.h */ = {isa = PBXFileReference; fileEncoding = 4; lastKnownFileType = sourcecode.c.h; path = TFFFileProvider.h; sourceTree = "<group>"; };
		767455F219D7AA400059AA0E /* TFFFileProvider.m */ = {isa = PBXFileReference; fileEncoding = 4; lastKnownFileType = sourcecode.c.objc; path = TFFFileProvider.m; sourceTree = "<group>"; };
		767974DA19E0F62A0091AAD7 /* libOCMock.a */ = {isa = PBXFileReference; lastKnownFileType = archive.ar; path = libOCMock.a; sourceTree = "<group>"; };
		767974DC19E0F62A0091AAD7 /* NSNotificationCenter+OCMAdditions.h */ = {isa = PBXFileReference; fileEncoding = 4; lastKnownFileType = sourcecode.c.h; path = "NSNotificationCenter+OCMAdditions.h"; sourceTree = "<group>"; };
		767974DD19E0F62A0091AAD7 /* OCMArg.h */ = {isa = PBXFileReference; fileEncoding = 4; lastKnownFileType = sourcecode.c.h; path = OCMArg.h; sourceTree = "<group>"; };
		767974DE19E0F62A0091AAD7 /* OCMConstraint.h */ = {isa = PBXFileReference; fileEncoding = 4; lastKnownFileType = sourcecode.c.h; path = OCMConstraint.h; sourceTree = "<group>"; };
		767974DF19E0F62A0091AAD7 /* OCMLocation.h */ = {isa = PBXFileReference; fileEncoding = 4; lastKnownFileType = sourcecode.c.h; path = OCMLocation.h; sourceTree = "<group>"; };
		767974E019E0F62A0091AAD7 /* OCMMacroState.h */ = {isa = PBXFileReference; fileEncoding = 4; lastKnownFileType = sourcecode.c.h; path = OCMMacroState.h; sourceTree = "<group>"; };
		767974E119E0F62A0091AAD7 /* OCMock.h */ = {isa = PBXFileReference; fileEncoding = 4; lastKnownFileType = sourcecode.c.h; path = OCMock.h; sourceTree = "<group>"; };
		767974E219E0F62A0091AAD7 /* OCMockObject.h */ = {isa = PBXFileReference; fileEncoding = 4; lastKnownFileType = sourcecode.c.h; path = OCMockObject.h; sourceTree = "<group>"; };
		767974E319E0F62A0091AAD7 /* OCMRecorder.h */ = {isa = PBXFileReference; fileEncoding = 4; lastKnownFileType = sourcecode.c.h; path = OCMRecorder.h; sourceTree = "<group>"; };
		767974E419E0F62A0091AAD7 /* OCMStubRecorder.h */ = {isa = PBXFileReference; fileEncoding = 4; lastKnownFileType = sourcecode.c.h; path = OCMStubRecorder.h; sourceTree = "<group>"; };
		767974F319E0FF970091AAD7 /* SenTestingKit.framework */ = {isa = PBXFileReference; lastKnownFileType = wrapper.framework; name = SenTestingKit.framework; path = Library/Frameworks/SenTestingKit.framework; sourceTree = DEVELOPER_DIR; };
		7679750119E182A50091AAD7 /* FakeXcode.h */ = {isa = PBXFileReference; lastKnownFileType = sourcecode.c.h; path = FakeXcode.h; sourceTree = "<group>"; };
		76ADCE8319D6F7CC0072D2FC /* Aviator.h */ = {isa = PBXFileReference; fileEncoding = 4; lastKnownFileType = sourcecode.c.h; name = Aviator.h; path = Aviator/Aviator.h; sourceTree = SOURCE_ROOT; };
		76ADCE8419D6F7CC0072D2FC /* Aviator.m */ = {isa = PBXFileReference; fileEncoding = 4; lastKnownFileType = sourcecode.c.objc; name = Aviator.m; path = Aviator/Aviator.m; sourceTree = SOURCE_ROOT; };
		76ADCE8519D6F7CC0072D2FC /* TFFSourceAndTestJumper.h */ = {isa = PBXFileReference; fileEncoding = 4; lastKnownFileType = sourcecode.c.h; name = TFFSourceAndTestJumper.h; path = Aviator/TFFSourceAndTestJumper.h; sourceTree = SOURCE_ROOT; };
		76ADCE8619D6F7CC0072D2FC /* TFFSourceAndTestJumper.m */ = {isa = PBXFileReference; fileEncoding = 4; lastKnownFileType = sourcecode.c.objc; name = TFFSourceAndTestJumper.m; path = Aviator/TFFSourceAndTestJumper.m; sourceTree = SOURCE_ROOT; };
		76ADCE8719D6F7CC0072D2FC /* TFFXcodeDocumentNavigator.h */ = {isa = PBXFileReference; fileEncoding = 4; lastKnownFileType = sourcecode.c.h; name = TFFXcodeDocumentNavigator.h; path = Aviator/TFFXcodeDocumentNavigator.h; sourceTree = SOURCE_ROOT; };
		76ADCE8819D6F7CC0072D2FC /* TFFXcodeDocumentNavigator.m */ = {isa = PBXFileReference; fileEncoding = 4; lastKnownFileType = sourcecode.c.objc; name = TFFXcodeDocumentNavigator.m; path = Aviator/TFFXcodeDocumentNavigator.m; sourceTree = SOURCE_ROOT; };
		76ADCE8919D6F7CC0072D2FC /* XCodePrivate.h */ = {isa = PBXFileReference; fileEncoding = 4; lastKnownFileType = sourcecode.c.h; name = XCodePrivate.h; path = Aviator/XCodePrivate.h; sourceTree = SOURCE_ROOT; };
		76ADCE8D19D6F7D20072D2FC /* Info.plist */ = {isa = PBXFileReference; fileEncoding = 4; lastKnownFileType = text.plist.xml; name = Info.plist; path = Aviator/Info.plist; sourceTree = SOURCE_ROOT; };
		76ADCE8F19D6F7EC0072D2FC /* Aviator.xcscheme */ = {isa = PBXFileReference; fileEncoding = 4; lastKnownFileType = text.xml; name = Aviator.xcscheme; path = Aviator.xcodeproj/xcshareddata/xcschemes/Aviator.xcscheme; sourceTree = SOURCE_ROOT; };
		76EA5EA219E0EE38002F84C7 /* TFFFileProviderTests.m */ = {isa = PBXFileReference; fileEncoding = 4; lastKnownFileType = sourcecode.c.objc; path = TFFFileProviderTests.m; sourceTree = "<group>"; };
		76EA5EBA19E0EE40002F84C7 /* Aviator copy-Info.plist */ = {isa = PBXFileReference; lastKnownFileType = text.plist.xml; name = "Aviator copy-Info.plist"; path = "/Users/mrsand1/Development/Aviator/Aviator copy-Info.plist"; sourceTree = "<absolute>"; };
		76EA5ECA19E0EF6B002F84C7 /* AviatorTests.xctest */ = {isa = PBXFileReference; explicitFileType = wrapper.cfbundle; includeInIndex = 0; path = AviatorTests.xctest; sourceTree = BUILT_PRODUCTS_DIR; };
		76EA5ECD19E0EF6B002F84C7 /* Info.plist */ = {isa = PBXFileReference; lastKnownFileType = text.plist.xml; path = Info.plist; sourceTree = "<group>"; };
/* End PBXFileReference section */

/* Begin PBXFrameworksBuildPhase section */
		76225AC019D6792F00755F57 /* Frameworks */ = {
			isa = PBXFrameworksBuildPhase;
			buildActionMask = 2147483647;
			files = (
				76225AC619D6792F00755F57 /* AppKit.framework in Frameworks */,
				76225AC819D6792F00755F57 /* Foundation.framework in Frameworks */,
			);
			runOnlyForDeploymentPostprocessing = 0;
		};
		76EA5EC719E0EF6B002F84C7 /* Frameworks */ = {
			isa = PBXFrameworksBuildPhase;
			buildActionMask = 2147483647;
			files = (
				767974E619E0F88E0091AAD7 /* libOCMock.a in Frameworks */,
			);
			runOnlyForDeploymentPostprocessing = 0;
		};
/* End PBXFrameworksBuildPhase section */

/* Begin PBXGroup section */
		76225AB919D6792F00755F57 = {
			isa = PBXGroup;
			children = (
				76225AC919D6792F00755F57 /* Aviator */,
				76EA5ECB19E0EF6B002F84C7 /* AviatorTests */,
				76225AC419D6792F00755F57 /* Frameworks */,
				76225AC319D6792F00755F57 /* Products */,
				76EA5EBA19E0EE40002F84C7 /* Aviator copy-Info.plist */,
			);
			sourceTree = "<group>";
		};
		76225AC319D6792F00755F57 /* Products */ = {
			isa = PBXGroup;
			children = (
				76225AC219D6792F00755F57 /* Aviator.xcplugin */,
				76EA5ECA19E0EF6B002F84C7 /* AviatorTests.xctest */,
			);
			name = Products;
			sourceTree = "<group>";
		};
		76225AC419D6792F00755F57 /* Frameworks */ = {
			isa = PBXGroup;
			children = (
				767974F319E0FF970091AAD7 /* SenTestingKit.framework */,
				76225AC519D6792F00755F57 /* AppKit.framework */,
				76225AC719D6792F00755F57 /* Foundation.framework */,
			);
			name = Frameworks;
			sourceTree = "<group>";
		};
		76225AC919D6792F00755F57 /* Aviator */ = {
			isa = PBXGroup;
			children = (
				76ADCE8319D6F7CC0072D2FC /* Aviator.h */,
				76ADCE8419D6F7CC0072D2FC /* Aviator.m */,
				76ADCE8519D6F7CC0072D2FC /* TFFSourceAndTestJumper.h */,
				76ADCE8619D6F7CC0072D2FC /* TFFSourceAndTestJumper.m */,
				767455F119D7AA400059AA0E /* TFFFileProvider.h */,
				767455F219D7AA400059AA0E /* TFFFileProvider.m */,
				76EA5EA219E0EE38002F84C7 /* TFFFileProviderTests.m */,
				7624354119D84456005C2655 /* TFFReference */,
				76ADCE8719D6F7CC0072D2FC /* TFFXcodeDocumentNavigator.h */,
				76ADCE8819D6F7CC0072D2FC /* TFFXcodeDocumentNavigator.m */,
				76ADCE8919D6F7CC0072D2FC /* XCodePrivate.h */,
				76225ACA19D6792F00755F57 /* Supporting Files */,
			);
			path = Aviator;
			sourceTree = "<group>";
		};
		76225ACA19D6792F00755F57 /* Supporting Files */ = {
			isa = PBXGroup;
			children = (
				76ADCE8F19D6F7EC0072D2FC /* Aviator.xcscheme */,
				76ADCE8D19D6F7D20072D2FC /* Info.plist */,
			);
			name = "Supporting Files";
			sourceTree = "<group>";
		};
		7624354119D84456005C2655 /* TFFReference */ = {
			isa = PBXGroup;
			children = (
				7624353819D84278005C2655 /* TFFFileReference.h */,
				7624353919D84278005C2655 /* TFFFileReference.m */,
				7624354519D8520E005C2655 /* TFFFileReferenceCollection.h */,
				7624354619D8520E005C2655 /* TFFFileReferenceCollection.m */,
				7624353B19D84289005C2655 /* TFFGroup.h */,
				7624353C19D84289005C2655 /* TFFGroup.m */,
				7624353E19D843F3005C2655 /* TFFReference.h */,
				7624353F19D843F3005C2655 /* TFFReference.m */,
				7624354219D849FC005C2655 /* TFFVariantGroup.h */,
				7624354319D849FC005C2655 /* TFFVariantGroup.m */,
			);
			name = TFFReference;
			sourceTree = "<group>";
		};
		767974DB19E0F62A0091AAD7 /* OCMock */ = {
			isa = PBXGroup;
			children = (
				767974DC19E0F62A0091AAD7 /* NSNotificationCenter+OCMAdditions.h */,
				767974DD19E0F62A0091AAD7 /* OCMArg.h */,
				767974DE19E0F62A0091AAD7 /* OCMConstraint.h */,
				767974DF19E0F62A0091AAD7 /* OCMLocation.h */,
				767974E019E0F62A0091AAD7 /* OCMMacroState.h */,
				767974E119E0F62A0091AAD7 /* OCMock.h */,
				767974E219E0F62A0091AAD7 /* OCMockObject.h */,
				767974E319E0F62A0091AAD7 /* OCMRecorder.h */,
				767974E419E0F62A0091AAD7 /* OCMStubRecorder.h */,
			);
			path = OCMock;
			sourceTree = "<group>";
		};
		76EA5ECB19E0EF6B002F84C7 /* AviatorTests */ = {
			isa = PBXGroup;
			children = (
				767974DA19E0F62A0091AAD7 /* libOCMock.a */,
				767974DB19E0F62A0091AAD7 /* OCMock */,
				76EA5ECC19E0EF6B002F84C7 /* Supporting Files */,
				7679750119E182A50091AAD7 /* FakeXcode.h */,
			);
			path = AviatorTests;
			sourceTree = "<group>";
		};
		76EA5ECC19E0EF6B002F84C7 /* Supporting Files */ = {
			isa = PBXGroup;
			children = (
				76EA5ECD19E0EF6B002F84C7 /* Info.plist */,
			);
			name = "Supporting Files";
			sourceTree = "<group>";
		};
/* End PBXGroup section */

/* Begin PBXNativeTarget section */
		76225AC119D6792F00755F57 /* Aviator */ = {
			isa = PBXNativeTarget;
			buildConfigurationList = 76225AD319D6792F00755F57 /* Build configuration list for PBXNativeTarget "Aviator" */;
			buildPhases = (
				76225ABE19D6792F00755F57 /* Sources */,
				76225ABF19D6792F00755F57 /* Resources */,
				76225AC019D6792F00755F57 /* Frameworks */,
			);
			buildRules = (
			);
			dependencies = (
			);
			name = Aviator;
			productName = Aviator;
			productReference = 76225AC219D6792F00755F57 /* Aviator.xcplugin */;
			productType = "com.apple.product-type.bundle";
		};
		76EA5EC919E0EF6B002F84C7 /* AviatorTests */ = {
			isa = PBXNativeTarget;
			buildConfigurationList = 76EA5ED019E0EF6B002F84C7 /* Build configuration list for PBXNativeTarget "AviatorTests" */;
			buildPhases = (
				76EA5EC619E0EF6B002F84C7 /* Sources */,
				76EA5EC719E0EF6B002F84C7 /* Frameworks */,
				76EA5EC819E0EF6B002F84C7 /* Resources */,
			);
			buildRules = (
			);
			dependencies = (
			);
			name = AviatorTests;
			productName = AviatorTests;
			productReference = 76EA5ECA19E0EF6B002F84C7 /* AviatorTests.xctest */;
			productType = "com.apple.product-type.bundle.unit-test";
		};
/* End PBXNativeTarget section */

/* Begin PBXProject section */
		76225ABA19D6792F00755F57 /* Project object */ = {
			isa = PBXProject;
			attributes = {
				LastUpgradeCheck = 0600;
				ORGANIZATIONNAME = "Type440 LLC";
				TargetAttributes = {
					76225AC119D6792F00755F57 = {
						CreatedOnToolsVersion = 6.0;
					};
					76EA5EC919E0EF6B002F84C7 = {
						CreatedOnToolsVersion = 6.0;
					};
				};
			};
			buildConfigurationList = 76225ABD19D6792F00755F57 /* Build configuration list for PBXProject "Aviator" */;
			compatibilityVersion = "Xcode 3.2";
			developmentRegion = English;
			hasScannedForEncodings = 0;
			knownRegions = (
				en,
			);
			mainGroup = 76225AB919D6792F00755F57;
			productRefGroup = 76225AC319D6792F00755F57 /* Products */;
			projectDirPath = "";
			projectRoot = "";
			targets = (
				76225AC119D6792F00755F57 /* Aviator */,
				76EA5EC919E0EF6B002F84C7 /* AviatorTests */,
			);
		};
/* End PBXProject section */

/* Begin PBXResourcesBuildPhase section */
		76225ABF19D6792F00755F57 /* Resources */ = {
			isa = PBXResourcesBuildPhase;
			buildActionMask = 2147483647;
			files = (
				76ADCE9019D6F7EC0072D2FC /* Aviator.xcscheme in Resources */,
				76ADCE8E19D6F7D20072D2FC /* Info.plist in Resources */,
			);
			runOnlyForDeploymentPostprocessing = 0;
		};
		76EA5EC819E0EF6B002F84C7 /* Resources */ = {
			isa = PBXResourcesBuildPhase;
			buildActionMask = 2147483647;
			files = (
			);
			runOnlyForDeploymentPostprocessing = 0;
		};
/* End PBXResourcesBuildPhase section */

/* Begin PBXSourcesBuildPhase section */
		76225ABE19D6792F00755F57 /* Sources */ = {
			isa = PBXSourcesBuildPhase;
			buildActionMask = 2147483647;
			files = (
				767455F319D7AA400059AA0E /* TFFFileProvider.m in Sources */,
				7624353A19D84278005C2655 /* TFFFileReference.m in Sources */,
				76ADCE8A19D6F7CC0072D2FC /* Aviator.m in Sources */,
				7624354019D843F3005C2655 /* TFFReference.m in Sources */,
				76ADCE8C19D6F7CC0072D2FC /* TFFXcodeDocumentNavigator.m in Sources */,
				7624354719D8520E005C2655 /* TFFFileReferenceCollection.m in Sources */,
				7624353D19D84289005C2655 /* TFFGroup.m in Sources */,
				7624354419D849FC005C2655 /* TFFVariantGroup.m in Sources */,
				76ADCE8B19D6F7CC0072D2FC /* TFFSourceAndTestJumper.m in Sources */,
			);
			runOnlyForDeploymentPostprocessing = 0;
		};
		76EA5EC619E0EF6B002F84C7 /* Sources */ = {
			isa = PBXSourcesBuildPhase;
			buildActionMask = 2147483647;
			files = (
				767974EA19E0FC720091AAD7 /* Aviator.m in Sources */,
				767974EB19E0FC720091AAD7 /* TFFSourceAndTestJumper.m in Sources */,
				767974EC19E0FC720091AAD7 /* TFFFileProvider.m in Sources */,
				767974ED19E0FC720091AAD7 /* TFFFileReference.m in Sources */,
				767974EE19E0FC720091AAD7 /* TFFFileReferenceCollection.m in Sources */,
				767974EF19E0FC720091AAD7 /* TFFGroup.m in Sources */,
				767974F019E0FC720091AAD7 /* TFFReference.m in Sources */,
				767974F119E0FC720091AAD7 /* TFFVariantGroup.m in Sources */,
				767974F219E0FC720091AAD7 /* TFFXcodeDocumentNavigator.m in Sources */,
				76EA5ED319E0EF7C002F84C7 /* TFFFileProviderTests.m in Sources */,
			);
			runOnlyForDeploymentPostprocessing = 0;
		};
/* End PBXSourcesBuildPhase section */

/* Begin XCBuildConfiguration section */
		76225AD119D6792F00755F57 /* Debug */ = {
			isa = XCBuildConfiguration;
			buildSettings = {
				ALWAYS_SEARCH_USER_PATHS = NO;
				CLANG_CXX_LANGUAGE_STANDARD = "gnu++0x";
				CLANG_CXX_LIBRARY = "libc++";
				CLANG_ENABLE_MODULES = YES;
				CLANG_ENABLE_OBJC_ARC = YES;
				CLANG_WARN_BOOL_CONVERSION = YES;
				CLANG_WARN_CONSTANT_CONVERSION = YES;
				CLANG_WARN_DIRECT_OBJC_ISA_USAGE = YES_ERROR;
				CLANG_WARN_EMPTY_BODY = YES;
				CLANG_WARN_ENUM_CONVERSION = YES;
				CLANG_WARN_INT_CONVERSION = YES;
				CLANG_WARN_OBJC_ROOT_CLASS = YES_ERROR;
				CLANG_WARN_UNREACHABLE_CODE = YES;
				CLANG_WARN__DUPLICATE_METHOD_MATCH = YES;
				COPY_PHASE_STRIP = NO;
				ENABLE_STRICT_OBJC_MSGSEND = YES;
				GCC_C_LANGUAGE_STANDARD = gnu99;
				GCC_DYNAMIC_NO_PIC = NO;
				GCC_OPTIMIZATION_LEVEL = 0;
				GCC_PREPROCESSOR_DEFINITIONS = (
					"DEBUG=1",
					"$(inherited)",
				);
				GCC_SYMBOLS_PRIVATE_EXTERN = NO;
				GCC_WARN_64_TO_32_BIT_CONVERSION = YES;
				GCC_WARN_ABOUT_RETURN_TYPE = YES_ERROR;
				GCC_WARN_UNDECLARED_SELECTOR = YES;
				GCC_WARN_UNINITIALIZED_AUTOS = YES_AGGRESSIVE;
				GCC_WARN_UNUSED_FUNCTION = YES;
				GCC_WARN_UNUSED_VARIABLE = YES;
				MTL_ENABLE_DEBUG_INFO = YES;
				ONLY_ACTIVE_ARCH = YES;
			};
			name = Debug;
		};
		76225AD219D6792F00755F57 /* Release */ = {
			isa = XCBuildConfiguration;
			buildSettings = {
				ALWAYS_SEARCH_USER_PATHS = NO;
				CLANG_CXX_LANGUAGE_STANDARD = "gnu++0x";
				CLANG_CXX_LIBRARY = "libc++";
				CLANG_ENABLE_MODULES = YES;
				CLANG_ENABLE_OBJC_ARC = YES;
				CLANG_WARN_BOOL_CONVERSION = YES;
				CLANG_WARN_CONSTANT_CONVERSION = YES;
				CLANG_WARN_DIRECT_OBJC_ISA_USAGE = YES_ERROR;
				CLANG_WARN_EMPTY_BODY = YES;
				CLANG_WARN_ENUM_CONVERSION = YES;
				CLANG_WARN_INT_CONVERSION = YES;
				CLANG_WARN_OBJC_ROOT_CLASS = YES_ERROR;
				CLANG_WARN_UNREACHABLE_CODE = YES;
				CLANG_WARN__DUPLICATE_METHOD_MATCH = YES;
				COPY_PHASE_STRIP = YES;
				ENABLE_NS_ASSERTIONS = NO;
				ENABLE_STRICT_OBJC_MSGSEND = YES;
				GCC_C_LANGUAGE_STANDARD = gnu99;
				GCC_WARN_64_TO_32_BIT_CONVERSION = YES;
				GCC_WARN_ABOUT_RETURN_TYPE = YES_ERROR;
				GCC_WARN_UNDECLARED_SELECTOR = YES;
				GCC_WARN_UNINITIALIZED_AUTOS = YES_AGGRESSIVE;
				GCC_WARN_UNUSED_FUNCTION = YES;
				GCC_WARN_UNUSED_VARIABLE = YES;
				MTL_ENABLE_DEBUG_INFO = NO;
			};
			name = Release;
		};
		76225AD419D6792F00755F57 /* Debug */ = {
			isa = XCBuildConfiguration;
			buildSettings = {
				COMBINE_HIDPI_IMAGES = YES;
				DEPLOYMENT_LOCATION = YES;
				DSTROOT = "$(HOME)";
				INFOPLIST_FILE = Aviator/Info.plist;
				INSTALL_PATH = "/Library/Application Support/Developer/Shared/Xcode/Plug-ins";
				MACOSX_DEPLOYMENT_TARGET = 10.9;
				OTHER_LDFLAGS = (
					"-undefined",
					dynamic_lookup,
				);
				PRODUCT_NAME = "$(TARGET_NAME)";
				WRAPPER_EXTENSION = xcplugin;
			};
			name = Debug;
		};
		76225AD519D6792F00755F57 /* Release */ = {
			isa = XCBuildConfiguration;
			buildSettings = {
				COMBINE_HIDPI_IMAGES = YES;
				DEPLOYMENT_LOCATION = YES;
				DSTROOT = "$(HOME)";
				INFOPLIST_FILE = Aviator/Info.plist;
				INSTALL_PATH = "/Library/Application Support/Developer/Shared/Xcode/Plug-ins";
				MACOSX_DEPLOYMENT_TARGET = 10.9;
				OTHER_LDFLAGS = (
					"-undefined",
					dynamic_lookup,
				);
				PRODUCT_NAME = "$(TARGET_NAME)";
				WRAPPER_EXTENSION = xcplugin;
			};
			name = Release;
		};
		76EA5ED119E0EF6B002F84C7 /* Debug */ = {
			isa = XCBuildConfiguration;
			buildSettings = {
				COMBINE_HIDPI_IMAGES = YES;
				DEPLOYMENT_LOCATION = YES;
				DSTROOT = "$(HOME)";
				FRAMEWORK_SEARCH_PATHS = (
					"$(DEVELOPER_FRAMEWORKS_DIR)",
					"$(inherited)",
					"$(PROJECT_DIR)/Vendor",
					/Applications/Xcode.app/Contents/Frameworks,
					/Applications/Xcode.app/Contents/SharedFrameworks,
				);
				GCC_PREPROCESSOR_DEFINITIONS = (
					"DEBUG=1",
					"$(inherited)",
				);
				HEADER_SEARCH_PATHS = (
					"$(inherited)",
					/Applications/Xcode.app/Contents/Developer/Toolchains/XcodeDefault.xctoolchain/usr/include,
					"$(PROJECT_DIR)/Vendor",
				);
				INFOPLIST_FILE = AviatorTests/Info.plist;
				INSTALL_PATH = "/Library/Application Support/Developer/Shared/Xcode/Plug-ins";
				LD_RUNPATH_SEARCH_PATHS = "$(inherited)";
				LIBRARY_SEARCH_PATHS = (
					"$(inherited)",
					"$(PROJECT_DIR)/Vendor",
				);
				MACOSX_DEPLOYMENT_TARGET = 10.9;
				OTHER_LDFLAGS = (
					"-ObjC",
					"-undefined",
					dynamic_lookup,
				);
				PRODUCT_NAME = "$(TARGET_NAME)";
				SDKROOT = macosx;
			};
			name = Debug;
		};
		76EA5ED219E0EF6B002F84C7 /* Release */ = {
			isa = XCBuildConfiguration;
			buildSettings = {
				COMBINE_HIDPI_IMAGES = YES;
				DEBUG_INFORMATION_FORMAT = "dwarf-with-dsym";
				DEPLOYMENT_LOCATION = YES;
				DSTROOT = "$(HOME)";
				FRAMEWORK_SEARCH_PATHS = (
					"$(DEVELOPER_FRAMEWORKS_DIR)",
					"$(inherited)",
					"$(PROJECT_DIR)/Vendor",
					/Applications/Xcode.app/Contents/Frameworks,
					/Applications/Xcode.app/Contents/SharedFrameworks,
				);
				HEADER_SEARCH_PATHS = (
					"$(inherited)",
					/Applications/Xcode.app/Contents/Developer/Toolchains/XcodeDefault.xctoolchain/usr/include,
					"$(PROJECT_DIR)/Vendor",
				);
				INFOPLIST_FILE = AviatorTests/Info.plist;
				INSTALL_PATH = "/Library/Application Support/Developer/Shared/Xcode/Plug-ins";
				LD_RUNPATH_SEARCH_PATHS = "$(inherited)";
				LIBRARY_SEARCH_PATHS = (
					"$(inherited)",
					"$(PROJECT_DIR)/Vendor",
				);
				MACOSX_DEPLOYMENT_TARGET = 10.9;
				OTHER_LDFLAGS = (
					"-ObjC",
					"-undefined",
					dynamic_lookup,
				);
				PRODUCT_NAME = "$(TARGET_NAME)";
				SDKROOT = macosx;
			};
			name = Release;
		};
/* End XCBuildConfiguration section */

/* Begin XCConfigurationList section */
		76225ABD19D6792F00755F57 /* Build configuration list for PBXProject "Aviator" */ = {
			isa = XCConfigurationList;
			buildConfigurations = (
				76225AD119D6792F00755F57 /* Debug */,
				76225AD219D6792F00755F57 /* Release */,
			);
			defaultConfigurationIsVisible = 0;
			defaultConfigurationName = Release;
		};
		76225AD319D6792F00755F57 /* Build configuration list for PBXNativeTarget "Aviator" */ = {
			isa = XCConfigurationList;
			buildConfigurations = (
				76225AD419D6792F00755F57 /* Debug */,
				76225AD519D6792F00755F57 /* Release */,
			);
			defaultConfigurationIsVisible = 0;
			defaultConfigurationName = Release;
		};
		76EA5ED019E0EF6B002F84C7 /* Build configuration list for PBXNativeTarget "AviatorTests" */ = {
			isa = XCConfigurationList;
			buildConfigurations = (
				76EA5ED119E0EF6B002F84C7 /* Debug */,
				76EA5ED219E0EF6B002F84C7 /* Release */,
			);
			defaultConfigurationIsVisible = 0;
			defaultConfigurationName = Release;
		};
/* End XCConfigurationList section */
	};
	rootObject = 76225ABA19D6792F00755F57 /* Project object */;
}
