<?xml version="1.0" encoding="UTF-8"?>
<Scheme
   version = "1.3">
   <BuildAction>
      <BuildActionEntries>
         <BuildActionEntry
            buildForRunning = "YES">
            <BuildableReference
               BuildableIdentifier = "primary"
               BlueprintIdentifier = "76225AC119D6792F00755F57"
               BuildableName = "Aviator.xcplugin"
               BlueprintName = "Aviator"
               ReferencedContainer = "container:Aviator.xcodeproj">
            </BuildableReference>
         </BuildActionEntry>
      </BuildActionEntries>
   </BuildAction>
   <LaunchAction
      useCustomWorkingDirectory = "NO"
      buildConfiguration = "Debug">
      <PathRunnable
         FilePath = "/Applications/Xcode.app">
      </PathRunnable>
   </LaunchAction>
</Scheme>
